
Microsoft Visual Studio Solution File, Format Version 12.00
# Visual Studio Version 17
VisualStudioVersion = 17.3.32901.215
MinimumVisualStudioVersion = 10.0.40219.1
Project("{FAE04EC0-301F-11D3-BF4B-00C04F79EFBC}") = "Kviz Aplikacija - IT Proektna 2023", "Kviz Aplikacija - IT Proektna 2023.csproj", "{CA88866F-0D88-4E31-B21C-65E781A2C04F}"
EndProject
Global
	GlobalSection(SolutionConfigurationPlatforms) = preSolution
		Debug|Any CPU = Debug|Any CPU
		Release|Any CPU = Release|Any CPU
	EndGlobalSection
	GlobalSection(ProjectConfigurationPlatforms) = postSolution
		{CA88866F-0D88-4E31-B21C-65E781A2C04F}.Debug|Any CPU.ActiveCfg = Debug|Any CPU
		{CA88866F-0D88-4E31-B21C-65E781A2C04F}.Debug|Any CPU.Build.0 = Debug|Any CPU
		{CA88866F-0D88-4E31-B21C-65E781A2C04F}.Release|Any CPU.ActiveCfg = Release|Any CPU
		{CA88866F-0D88-4E31-B21C-65E781A2C04F}.Release|Any CPU.Build.0 = Release|Any CPU
	EndGlobalSection
	GlobalSection(SolutionProperties) = preSolution
		HideSolutionNode = FALSE
	EndGlobalSection
	GlobalSection(ExtensibilityGlobals) = postSolution
		SolutionGuid = {90551C56-47E0-4AD3-8B59-F95E02E59EAA}
	EndGlobalSection
EndGlobal
